<Project xmlns="http://schemas.microsoft.com/developer/msbuild/2003">
    <PropertyGroup>
        <ProjectGuid>{57C2F2C3-97A0-4786-84E3-FB75C6600340}</ProjectGuid>
        <ProjectVersion>15.4</ProjectVersion>
        <FrameworkType>VCL</FrameworkType>
        <MainSource>SongClient.dpr</MainSource>
        <Base>True</Base>
        <Config Condition="'$(Config)'==''">Debug</Config>
        <Platform Condition="'$(Platform)'==''">Win32</Platform>
        <TargetedPlatforms>1</TargetedPlatforms>
        <AppType>Application</AppType>
    </PropertyGroup>
    <PropertyGroup Condition="'$(Config)'=='Base' or '$(Base)'!=''">
        <Base>true</Base>
    </PropertyGroup>
    <PropertyGroup Condition="('$(Platform)'=='Win32' and '$(Base)'=='true') or '$(Base_Win32)'!=''">
        <Base_Win32>true</Base_Win32>
        <CfgParent>Base</CfgParent>
        <Base>true</Base>
    </PropertyGroup>
    <PropertyGroup Condition="('$(Platform)'=='Win64' and '$(Base)'=='true') or '$(Base_Win64)'!=''">
        <Base_Win64>true</Base_Win64>
        <CfgParent>Base</CfgParent>
        <Base>true</Base>
    </PropertyGroup>
    <PropertyGroup Condition="'$(Config)'=='Debug' or '$(Cfg_1)'!=''">
        <Cfg_1>true</Cfg_1>
        <CfgParent>Base</CfgParent>
        <Base>true</Base>
    </PropertyGroup>
    <PropertyGroup Condition="('$(Platform)'=='Win32' and '$(Cfg_1)'=='true') or '$(Cfg_1_Win32)'!=''">
        <Cfg_1_Win32>true</Cfg_1_Win32>
        <CfgParent>Cfg_1</CfgParent>
        <Cfg_1>true</Cfg_1>
        <Base>true</Base>
    </PropertyGroup>
    <PropertyGroup Condition="'$(Config)'=='Release' or '$(Cfg_2)'!=''">
        <Cfg_2>true</Cfg_2>
        <CfgParent>Base</CfgParent>
        <Base>true</Base>
    </PropertyGroup>
    <PropertyGroup Condition="('$(Platform)'=='Win32' and '$(Cfg_2)'=='true') or '$(Cfg_2_Win32)'!=''">
        <Cfg_2_Win32>true</Cfg_2_Win32>
        <CfgParent>Cfg_2</CfgParent>
        <Cfg_2>true</Cfg_2>
        <Base>true</Base>
    </PropertyGroup>
    <PropertyGroup Condition="'$(Base)'!=''">
        <VerInfo_Locale>1046</VerInfo_Locale>
        <Manifest_File>$(BDS)\bin\default_app.manifest</Manifest_File>
        <VerInfo_Keys>CompanyName=;FileDescription=;FileVersion=1.0.0.0;InternalName=;LegalCopyright=;LegalTrademarks=;OriginalFilename=;ProductName=;ProductVersion=1.0.0.0;Comments=</VerInfo_Keys>
        <DCC_Namespace>System;Xml;Data;Datasnap;Web;Soap;Vcl;Vcl.Imaging;Vcl.Touch;Vcl.Samples;Vcl.Shell;$(DCC_Namespace)</DCC_Namespace>
        <SanitizedProjectName>SongClient</SanitizedProjectName>
        <Icon_MainIcon>$(BDS)\bin\delphi_PROJECTICON.ico</Icon_MainIcon>
        <DCC_DcuOutput>.\$(Platform)\$(Config)</DCC_DcuOutput>
        <DCC_ExeOutput>.\</DCC_ExeOutput>
        <DCC_E>false</DCC_E>
        <DCC_N>false</DCC_N>
        <DCC_S>false</DCC_S>
        <DCC_F>false</DCC_F>
        <DCC_K>false</DCC_K>
    </PropertyGroup>
    <PropertyGroup Condition="'$(Base_Win32)'!=''">
        <DCC_Namespace>Winapi;System.Win;Data.Win;Datasnap.Win;Web.Win;Soap.Win;Xml.Win;Bde;$(DCC_Namespace)</DCC_Namespace>
        <VerInfo_IncludeVerInfo>true</VerInfo_IncludeVerInfo>
        <DCC_UsePackage>cxSchedulerTreeBrowserRS20;dxSkinOffice2007SilverRS20;cxGridRS20;dxFireDACServerModeRS20;dxPSdxLCLnkRS20;dxPScxExtCommonRS20;cxPageControlRS20;dxPSdxSpreadSheetLnkRS20;FireDACPgDriver;DBXInterBaseDriver;DataSnapServer;DataSnapCommon;dxSkinsdxBarPainterRS20;dxSkinSharpRS20;DbxCommonDriver;dxLayoutControlRS20;vclimg;dxSkinSilverRS20;dxSkinsdxNavBarPainterRS20;dbxcds;DatasnapConnectorsFreePascal;dxPSCoreRS20;dxSkinOffice2013LightGrayRS20;vcldb;dxPSTeeChartRS20;dxSkinOffice2013WhiteRS20;dxSkinMcSkinRS20;CustomIPTransport;dsnap;IndyIPServer;dxSkinCoffeeRS20;dxSkinGlassOceansRS20;IndyCore;dxSkinOffice2010SilverRS20;dxComnRS20;CloudService;dxFlowChartRS20;dxSkinOffice2013DarkGrayRS20;FmxTeeUI;FireDACIBDriver;dxDBXServerModeRS20;cxTreeListdxBarPopupMenuRS20;dxSkinOffice2007PinkRS20;dxSkinSpringTimeRS20;dxPsPrVwAdvRS20;dxSkiniMaginaryRS20;dxPScxGridLnkRS20;dxSkinDevExpressDarkStyleRS20;cxSchedulerGridRS20;dxtrmdRS20;dsnapxml;dxSpreadSheetRS20;FireDACDb2Driver;dxSkinMoneyTwinsRS20;dxSkinOffice2007GreenRS20;dxPScxTLLnkRS20;cxPivotGridOLAPRS20;dxPSdxFCLnkRS20;bindcompfmx;vcldbx;FireDACODBCDriver;RESTBackendComponents;dbrtl;FireDACCommon;bindcomp;inetdb;DBXOdbcDriver;vclFireDAC;cxSpreadSheetRS20;xmlrtl;ibxpress;dxSkinOffice2007BlackRS20;dxPScxSSLnkRS20;FireDACCommonDriver;bindengine;vclactnband;soaprtl;FMXTee;dxGDIPlusRS20;bindcompvcl;vclie;cxVerticalGridRS20;cxSchedulerRS20;dxSkinBlackRS20;FireDACMSSQLDriver;DBXInformixDriver;dxSkinSummer2008RS20;Intraweb;cxBarEditItemRS20;DataSnapServerMidas;dsnapcon;DBXFirebirdDriver;inet;dxBarRS20;cxDataRS20;dxSkinDarkSideRS20;FireDACMySQLDriver;soapmidas;vclx;dxPScxVGridLnkRS20;dxSkinLondonLiquidSkyRS20;dxCoreRS20;DBXSybaseASADriver;RESTComponents;dxPSPrVwRibbonRS20;dbexpress;dxPSLnksRS20;IndyIPClient;dxSpellCheckerRS20;dxBarExtItemsRS20;dxdbtrRS20;FireDACSqliteDriver;FireDACDSDriver;cxSchedulerRibbonStyleEventEditorRS20;DBXSqliteDriver;fmx;dxSkinVS2010RS20;IndySystem;dxSkinXmas2008BlueRS20;TeeDB;tethering;inetdbbde;vclib;DataSnapClient;dxTabbedMDIRS20;dxmdsRS20;DataSnapProviderClient;DBXSybaseASEDriver;dxdborRS20;dxPSdxDBTVLnkRS20;MetropolisUILiveTile;dxSkinCaramelRS20;dxPScxSchedulerLnkRS20;dxSkinLiquidSkyRS20;vcldsnap;dxGaugeControlRS20;dxSkinDevExpressStyleRS20;fmxFireDAC;cxPivotGridChartRS20;DBXDb2Driver;DBXOracleDriver;dxSkinOffice2010BlueRS20;dcldxSkinsCoreRS20;vclribbon;cxExportRS20;dxServerModeRS20;dxSkinscxSchedulerPainterRS20;dxSkinMetropolisDarkRS20;fmxase;vcl;DBXMSSQLDriver;IndyIPCommon;CodeSiteExpressPkg;dxSkinBlueRS20;dxSkinOffice2010BlackRS20;DataSnapFireDAC;FireDACDBXDriver;dxBarExtDBItemsRS20;dxSkinsdxDLPainterRS20;soapserver;dxPSDBTeeChartRS20;inetdbxpress;dxADOServerModeRS20;dxSkinBlueprintRS20;dxSkinFoggyRS20;dxSkinSharpPlusRS20;FireDACInfxDriver;cxPivotGridRS20;adortl;dxRibbonRS20;FireDACASADriver;dxSkinHighContrastRS20;dxSkinTheAsphaltWorldRS20;dxBarDBNavRS20;dxSkinscxPCPainterRS20;rtl;DbxClientDriver;dxSkinMetropolisRS20;dxNavBarRS20;dxDockingRS20;Tee;dxSkinOffice2007BlueRS20;dxSkinsdxRibbonPainterRS20;dxSkinValentineRS20;DataSnapNativeClient;svnui;IndyProtocols;DBXMySQLDriver;dxSkinSevenClassicRS20;dxPScxCommonRS20;dxSkinPumpkinRS20;bindcompdbx;TeeUI;dxSkinDarkRoomRS20;FireDACADSDriver;vcltouch;dxSkinStardustRS20;cxEditorsRS20;dxorgcRS20;dxPSdxDBOCLnkRS20;VclSmp;FireDAC;VCLRESTComponents;dxSkinsCoreRS20;DataSnapConnectors;dxSkinSevenRS20;cxLibraryRS20;fmxobj;dxMapControlRS20;svn;dxWizardControlRS20;dxSkinLilianRS20;FireDACOracleDriver;fmxdae;dxSkinWhiteprintRS20;dxPScxPivotGridLnkRS20;bdertl;dxThemeRS20;dxPSdxOCLnkRS20;dxTileControlRS20;cxTreeListRS20;FireDACMSAccDriver;DataSnapIndy10ServerTransport;$(DCC_UsePackage)</DCC_UsePackage>
        <VerInfo_Locale>1033</VerInfo_Locale>
        <VerInfo_Keys>FileVersion=1.0.0.0;ProductVersion=1.0.0.0</VerInfo_Keys>
        <Manifest_File>$(BDS)\bin\default_app.manifest</Manifest_File>
    </PropertyGroup>
    <PropertyGroup Condition="'$(Base_Win64)'!=''">
        <DCC_UsePackage>FireDACPgDriver;DBXInterBaseDriver;DataSnapServer;DataSnapCommon;DbxCommonDriver;vclimg;dbxcds;DatasnapConnectorsFreePascal;vcldb;CustomIPTransport;dsnap;IndyIPServer;IndyCore;CloudService;FmxTeeUI;FireDACIBDriver;dsnapxml;FireDACDb2Driver;bindcompfmx;FireDACODBCDriver;RESTBackendComponents;dbrtl;FireDACCommon;bindcomp;inetdb;DBXOdbcDriver;vclFireDAC;cxSpreadSheetRS20;xmlrtl;ibxpress;FireDACCommonDriver;bindengine;vclactnband;soaprtl;FMXTee;bindcompvcl;vclie;FireDACMSSQLDriver;DBXInformixDriver;Intraweb;DataSnapServerMidas;dsnapcon;DBXFirebirdDriver;inet;FireDACMySQLDriver;soapmidas;vclx;DBXSybaseASADriver;RESTComponents;dbexpress;IndyIPClient;FireDACSqliteDriver;FireDACDSDriver;DBXSqliteDriver;fmx;IndySystem;TeeDB;tethering;vclib;DataSnapClient;DataSnapProviderClient;DBXSybaseASEDriver;MetropolisUILiveTile;vcldsnap;fmxFireDAC;DBXDb2Driver;DBXOracleDriver;vclribbon;fmxase;vcl;DBXMSSQLDriver;IndyIPCommon;DataSnapFireDAC;FireDACDBXDriver;soapserver;inetdbxpress;FireDACInfxDriver;adortl;FireDACASADriver;rtl;DbxClientDriver;Tee;DataSnapNativeClient;IndyProtocols;DBXMySQLDriver;bindcompdbx;TeeUI;FireDACADSDriver;vcltouch;VclSmp;FireDAC;VCLRESTComponents;DataSnapConnectors;fmxobj;FireDACOracleDriver;fmxdae;FireDACMSAccDriver;DataSnapIndy10ServerTransport;$(DCC_UsePackage)</DCC_UsePackage>
    </PropertyGroup>
    <PropertyGroup Condition="'$(Cfg_1)'!=''">
        <DCC_Define>DEBUG;$(DCC_Define)</DCC_Define>
        <DCC_DebugDCUs>true</DCC_DebugDCUs>
        <DCC_Optimize>false</DCC_Optimize>
        <DCC_GenerateStackFrames>true</DCC_GenerateStackFrames>
        <DCC_DebugInfoInExe>true</DCC_DebugInfoInExe>
        <DCC_RemoteDebug>true</DCC_RemoteDebug>
    </PropertyGroup>
    <PropertyGroup Condition="'$(Cfg_1_Win32)'!=''">
        <VerInfo_Keys>FileVersion=1.0.0.0;ProductVersion=1.0.0.0</VerInfo_Keys>
        <DCC_ExeOutput>.\</DCC_ExeOutput>
        <VerInfo_IncludeVerInfo>true</VerInfo_IncludeVerInfo>
        <VerInfo_Locale>1033</VerInfo_Locale>
        <DCC_RemoteDebug>false</DCC_RemoteDebug>
    </PropertyGroup>
    <PropertyGroup Condition="'$(Cfg_2)'!=''">
        <DCC_LocalDebugSymbols>false</DCC_LocalDebugSymbols>
        <DCC_Define>RELEASE;$(DCC_Define)</DCC_Define>
        <DCC_SymbolReferenceInfo>0</DCC_SymbolReferenceInfo>
        <DCC_DebugInformation>0</DCC_DebugInformation>
    </PropertyGroup>
    <PropertyGroup Condition="'$(Cfg_2_Win32)'!=''">
        <VerInfo_Keys>FileVersion=1.0.0.0;ProductVersion=1.0.0.0</VerInfo_Keys>
    </PropertyGroup>
    <ItemGroup>
        <DelphiCompile Include="$(MainSource)">
            <MainSource>MainSource</MainSource>
        </DelphiCompile>
        <DCCReference Include="fPrincipal.pas">
            <Form>frmPrincipal</Form>
            <FormType>dfm</FormType>
        </DCCReference>
        <DCCReference Include="fBasico.pas">
            <Form>frmBasico</Form>
            <FormType>dfm</FormType>
        </DCCReference>
        <DCCReference Include="dmuPrincipal.pas">
            <Form>dmPrincipal</Form>
            <FormType>dfm</FormType>
            <DesignClass>TDataModule</DesignClass>
        </DCCReference>
        <DCCReference Include="dmuBasico.pas">
            <Form>dmBasico</Form>
            <FormType>dfm</FormType>
            <DesignClass>TDataModule</DesignClass>
        </DCCReference>
        <DCCReference Include="fSplash.pas">
            <Form>frmSplash</Form>
            <FormType>dfm</FormType>
        </DCCReference>
        <DCCReference Include="fLogin.pas">
            <Form>frmLogin</Form>
            <FormType>dfm</FormType>
        </DCCReference>
        <DCCReference Include="..\Comuns\uTypes.pas"/>
        <DCCReference Include="..\Comuns\uUsuario.pas"/>
        <DCCReference Include="..\Comuns\uUtils.pas"/>
        <DCCReference Include="uFuncoes.pas"/>
        <DCCReference Include="..\Comuns\uExceptions.pas"/>
        <DCCReference Include="fBasicoCrud.pas">
            <Form>frmBasicoCrud</Form>
            <FormType>dfm</FormType>
        </DCCReference>
        <DCCReference Include="fBasicoCrudMasterDetail.pas">
            <Form>frmBasicoCrudMasterDetail</Form>
            <FormType>dfm</FormType>
        </DCCReference>
        <DCCReference Include="Administrativo\fPerfil.pas">
            <Form>frmPerfil</Form>
            <FormType>dfm</FormType>
        </DCCReference>
        <DCCReference Include="Administrativo\dmuAdministrativo.pas">
            <Form>dmAdministrativo</Form>
            <FormType>dfm</FormType>
            <DesignClass>TDataModule</DesignClass>
        </DCCReference>
        <DCCReference Include="..\Comuns\uControleAcesso.pas"/>
        <DCCReference Include="Geral\dmuLookup.pas">
            <Form>dmLookup</Form>
            <FormType>dfm</FormType>
            <DesignClass>TDataModule</DesignClass>
        </DCCReference>
        <DCCReference Include="Administrativo\fPessoa.pas">
            <Form>frmPessoa</Form>
            <FormType>dfm</FormType>
        </DCCReference>
        <DCCReference Include="Frames\fmGrids.pas">
            <Form>frameGrids</Form>
            <FormType>dfm</FormType>
            <DesignClass>TFrame</DesignClass>
        </DCCReference>
        <DCCReference Include="Administrativo\fOrganizacao.pas">
            <Form>frmOrganizacao</Form>
            <FormType>dfm</FormType>
        </DCCReference>
        <DCCReference Include="Administrativo\fProjeto.pas">
            <Form>frmProjeto</Form>
            <FormType>dfm</FormType>
        </DCCReference>
        <DCCReference Include="Financeiro\dmuFinanceiro.pas">
            <Form>dmFinanceiro</Form>
            <FormType>dfm</FormType>
            <DesignClass>TDataModule</DesignClass>
        </DCCReference>
        <DCCReference Include="Financeiro\fBanco.pas">
            <Form>frmBanco</Form>
            <FormType>dfm</FormType>
        </DCCReference>
        <DCCReference Include="Administrativo\fAtividade.pas">
            <Form>frmAtividade</Form>
            <FormType>dfm</FormType>
        </DCCReference>
        <DCCReference Include="Viveiro\fEspecie.pas">
            <Form>frmEspecie</Form>
            <FormType>dfm</FormType>
        </DCCReference>
        <DCCReference Include="Viveiro\dmuViveiro.pas">
            <Form>dmViveiro</Form>
            <FormType>dfm</FormType>
            <DesignClass>TDataModule</DesignClass>
        </DCCReference>
        <DCCReference Include="..\Comuns\uMensagem.pas">
            <Form>Mensagem</Form>
            <FormType>dfm</FormType>
        </DCCReference>
        <DCCReference Include="Financeiro\fFinanciador.pas">
            <Form>frmFinanciador</Form>
            <FormType>dfm</FormType>
        </DCCReference>
        <DCCReference Include="Financeiro\fFornecedor.pas">
            <Form>frmFornecedor</Form>
            <FormType>dfm</FormType>
        </DCCReference>
        <BuildConfiguration Include="Release">
            <Key>Cfg_2</Key>
            <CfgParent>Base</CfgParent>
        </BuildConfiguration>
        <BuildConfiguration Include="Base">
            <Key>Base</Key>
        </BuildConfiguration>
        <BuildConfiguration Include="Debug">
            <Key>Cfg_1</Key>
            <CfgParent>Base</CfgParent>
        </BuildConfiguration>
    </ItemGroup>
    <ProjectExtensions>
        <Borland.Personality>Delphi.Personality.12</Borland.Personality>
        <Borland.ProjectType/>
        <BorlandProject>
            <Delphi.Personality>
                <Source>
                    <Source Name="MainSource">SongClient.dpr</Source>
                </Source>
                <Excluded_Packages>
                    <Excluded_Packages Name="$(BDSBIN)\dcloffice2k200.bpl">Microsoft Office 2000 Sample Automation Server Wrapper Components</Excluded_Packages>
                    <Excluded_Packages Name="$(BDSBIN)\dclofficexp200.bpl">Microsoft Office XP Sample Automation Server Wrapper Components</Excluded_Packages>
                </Excluded_Packages>
            </Delphi.Personality>
            <Deployment/>
            <Platforms>
                <Platform value="Win32">True</Platform>
                <Platform value="Win64">False</Platform>
            </Platforms>
        </BorlandProject>
        <ProjectFileVersion>12</ProjectFileVersion>
    </ProjectExtensions>
    <Import Project="$(BDS)\Bin\CodeGear.Delphi.Targets" Condition="Exists('$(BDS)\Bin\CodeGear.Delphi.Targets')"/>
    <Import Project="$(APPDATA)\Embarcadero\$(BDSAPPDATABASEDIR)\$(PRODUCTVERSION)\UserTools.proj" Condition="Exists('$(APPDATA)\Embarcadero\$(BDSAPPDATABASEDIR)\$(PRODUCTVERSION)\UserTools.proj')"/>
</Project>
