<Project xmlns="http://schemas.microsoft.com/developer/msbuild/2003">
    <PropertyGroup>
        <ProjectGuid>{E1A738FC-32F4-4B9A-96FD-11AADD0BF4B9}</ProjectGuid>
        <MainSource>SongClient.dpr</MainSource>
        <Base>True</Base>
        <Config Condition="'$(Config)'==''">Release</Config>
        <TargetedPlatforms>1</TargetedPlatforms>
        <AppType>Application</AppType>
        <FrameworkType>VCL</FrameworkType>
        <ProjectVersion>19.3</ProjectVersion>
        <Platform Condition="'$(Platform)'==''">Win32</Platform>
    </PropertyGroup>
    <PropertyGroup Condition="'$(Config)'=='Base' or '$(Base)'!=''">
        <Base>true</Base>
    </PropertyGroup>
    <PropertyGroup Condition="('$(Platform)'=='Win32' and '$(Base)'=='true') or '$(Base_Win32)'!=''">
        <Base_Win32>true</Base_Win32>
        <CfgParent>Base</CfgParent>
        <Base>true</Base>
    </PropertyGroup>
    <PropertyGroup Condition="('$(Platform)'=='Win64' and '$(Base)'=='true') or '$(Base_Win64)'!=''">
        <Base_Win64>true</Base_Win64>
        <CfgParent>Base</CfgParent>
        <Base>true</Base>
    </PropertyGroup>
    <PropertyGroup Condition="'$(Config)'=='Release' or '$(Cfg_1)'!=''">
        <Cfg_1>true</Cfg_1>
        <CfgParent>Base</CfgParent>
        <Base>true</Base>
    </PropertyGroup>
    <PropertyGroup Condition="('$(Platform)'=='Win32' and '$(Cfg_1)'=='true') or '$(Cfg_1_Win32)'!=''">
        <Cfg_1_Win32>true</Cfg_1_Win32>
        <CfgParent>Cfg_1</CfgParent>
        <Cfg_1>true</Cfg_1>
        <Base>true</Base>
    </PropertyGroup>
    <PropertyGroup Condition="'$(Config)'=='Debug' or '$(Cfg_2)'!=''">
        <Cfg_2>true</Cfg_2>
        <CfgParent>Base</CfgParent>
        <Base>true</Base>
    </PropertyGroup>
    <PropertyGroup Condition="('$(Platform)'=='Win32' and '$(Cfg_2)'=='true') or '$(Cfg_2_Win32)'!=''">
        <Cfg_2_Win32>true</Cfg_2_Win32>
        <CfgParent>Cfg_2</CfgParent>
        <Cfg_2>true</Cfg_2>
        <Base>true</Base>
    </PropertyGroup>
    <PropertyGroup Condition="'$(Base)'!=''">
        <DCC_E>false</DCC_E>
        <DCC_F>false</DCC_F>
        <DCC_K>false</DCC_K>
        <DCC_N>false</DCC_N>
        <DCC_S>false</DCC_S>
        <DCC_ImageBase>00400000</DCC_ImageBase>
        <SanitizedProjectName>SongClient</SanitizedProjectName>
        <DCC_Namespace>Vcl;Vcl.Imaging;Vcl.Touch;Vcl.Samples;Vcl.Shell;System;Xml;Data;Datasnap;Web;Soap;$(DCC_Namespace)</DCC_Namespace>
        <VerInfo_Locale>1046</VerInfo_Locale>
        <VerInfo_Keys>CompanyName=;FileDescription=;FileVersion=1.0.0.0;InternalName=;LegalCopyright=;LegalTrademarks=;OriginalFilename=;ProductName=;ProductVersion=1.0.0.0;Comments=;CFBundleName=</VerInfo_Keys>
    </PropertyGroup>
    <PropertyGroup Condition="'$(Base_Win32)'!=''">
        <DCC_Namespace>Winapi;System.Win;Data.Win;Datasnap.Win;Web.Win;Soap.Win;Xml.Win;Bde;$(DCC_Namespace)</DCC_Namespace>
        <BT_BuildType>Debug</BT_BuildType>
        <VerInfo_IncludeVerInfo>true</VerInfo_IncludeVerInfo>
        <VerInfo_Keys>CompanyName=;FileDescription=$(MSBuildProjectName);FileVersion=1.0.0.0;InternalName=;LegalCopyright=;LegalTrademarks=;OriginalFilename=;ProductName=$(MSBuildProjectName);ProductVersion=1.0.0.0;Comments=;ProgramID=com.embarcadero.$(MSBuildProjectName)</VerInfo_Keys>
        <VerInfo_Locale>1033</VerInfo_Locale>
        <Manifest_File>$(BDS)\bin\default_app.manifest</Manifest_File>
        <Icon_MainIcon>SongClient.ico</Icon_MainIcon>
        <AppEnableRuntimeThemes>true</AppEnableRuntimeThemes>
        <UWP_DelphiLogo44>$(BDS)\bin\Artwork\Windows\UWP\delphi_UwpDefault_44.png</UWP_DelphiLogo44>
        <UWP_DelphiLogo150>$(BDS)\bin\Artwork\Windows\UWP\delphi_UwpDefault_150.png</UWP_DelphiLogo150>
        <DCC_DcuOutput>.\DCU</DCC_DcuOutput>
    </PropertyGroup>
    <PropertyGroup Condition="'$(Base_Win64)'!=''">
        <Manifest_File>$(BDS)\bin\default_app.manifest</Manifest_File>
        <Icon_MainIcon>SongClient_Icon.ico</Icon_MainIcon>
        <AppEnableRuntimeThemes>true</AppEnableRuntimeThemes>
        <UWP_DelphiLogo44>$(BDS)\bin\Artwork\Windows\UWP\delphi_UwpDefault_44.png</UWP_DelphiLogo44>
        <UWP_DelphiLogo150>$(BDS)\bin\Artwork\Windows\UWP\delphi_UwpDefault_150.png</UWP_DelphiLogo150>
    </PropertyGroup>
    <PropertyGroup Condition="'$(Cfg_1)'!=''">
        <DCC_Define>RELEASE;$(DCC_Define)</DCC_Define>
        <DCC_DebugInformation>0</DCC_DebugInformation>
        <DCC_LocalDebugSymbols>false</DCC_LocalDebugSymbols>
        <DCC_SymbolReferenceInfo>0</DCC_SymbolReferenceInfo>
    </PropertyGroup>
    <PropertyGroup Condition="'$(Cfg_1_Win32)'!=''">
        <AppEnableRuntimeThemes>true</AppEnableRuntimeThemes>
        <AppDPIAwarenessMode>PerMonitorV2</AppDPIAwarenessMode>
        <VerInfo_IncludeVerInfo>true</VerInfo_IncludeVerInfo>
        <VerInfo_Locale>1033</VerInfo_Locale>
        <VerInfo_Keys>CompanyName=;FileDescription=$(MSBuildProjectName);FileVersion=2.0.0.0;InternalName=;LegalCopyright=;LegalTrademarks=;OriginalFilename=;ProductName=$(MSBuildProjectName);ProductVersion=1.0.0.0;Comments=;ProgramID=com.embarcadero.$(MSBuildProjectName)</VerInfo_Keys>
        <VerInfo_MajorVer>2</VerInfo_MajorVer>
    </PropertyGroup>
    <PropertyGroup Condition="'$(Cfg_2)'!=''">
        <DCC_Define>DEBUG;$(DCC_Define)</DCC_Define>
        <DCC_Optimize>false</DCC_Optimize>
        <DCC_GenerateStackFrames>true</DCC_GenerateStackFrames>
        <DCC_RangeChecking>true</DCC_RangeChecking>
        <DCC_IntegerOverflowCheck>true</DCC_IntegerOverflowCheck>
    </PropertyGroup>
    <PropertyGroup Condition="'$(Cfg_2_Win32)'!=''">
        <AppEnableRuntimeThemes>true</AppEnableRuntimeThemes>
        <AppDPIAwarenessMode>PerMonitorV2</AppDPIAwarenessMode>
        <VerInfo_Keys>CompanyName=;FileDescription=$(MSBuildProjectName);FileVersion=1.0.0.0;InternalName=;LegalCopyright=;LegalTrademarks=;OriginalFilename=;ProductName=$(MSBuildProjectName);ProductVersion=1.0.0.0;Comments=;ProgramID=com.embarcadero.$(MSBuildProjectName)</VerInfo_Keys>
        <VerInfo_IncludeVerInfo>true</VerInfo_IncludeVerInfo>
        <VerInfo_Locale>1033</VerInfo_Locale>
    </PropertyGroup>
    <ItemGroup>
        <DelphiCompile Include="$(MainSource)">
            <MainSource>MainSource</MainSource>
        </DelphiCompile>
        <DCCReference Include="fPrincipal.pas">
            <Form>frmPrincipal</Form>
        </DCCReference>
        <DCCReference Include="fBasico.pas">
            <Form>frmBasico</Form>
        </DCCReference>
        <DCCReference Include="dmuPrincipal.pas">
            <Form>dmPrincipal</Form>
            <DesignClass>TDataModule</DesignClass>
        </DCCReference>
        <DCCReference Include="dmuBasico.pas">
            <Form>dmBasico</Form>
            <DesignClass>TDataModule</DesignClass>
        </DCCReference>
        <DCCReference Include="fSplash.pas">
            <Form>frmSplash</Form>
        </DCCReference>
        <DCCReference Include="fLogin.pas">
            <Form>frmLogin</Form>
        </DCCReference>
        <DCCReference Include="..\Comuns\uTypes.pas"/>
        <DCCReference Include="..\Comuns\uUsuario.pas"/>
        <DCCReference Include="..\Comuns\uUtils.pas"/>
        <DCCReference Include="uFuncoes.pas"/>
        <DCCReference Include="..\Comuns\uExceptions.pas"/>
        <DCCReference Include="fBasicoCrud.pas">
            <Form>frmBasicoCrud</Form>
        </DCCReference>
        <DCCReference Include="fBasicoCrudMasterDetail.pas">
            <Form>frmBasicoCrudMasterDetail</Form>
        </DCCReference>
        <DCCReference Include="Administrativo\fPerfil.pas">
            <Form>frmPerfil</Form>
        </DCCReference>
        <DCCReference Include="Administrativo\dmuAdministrativo.pas">
            <Form>dmAdministrativo</Form>
            <DesignClass>TDataModule</DesignClass>
        </DCCReference>
        <DCCReference Include="..\Comuns\uControleAcesso.pas"/>
        <DCCReference Include="Geral\dmuLookup.pas">
            <Form>dmLookup</Form>
            <DesignClass>TDataModule</DesignClass>
        </DCCReference>
        <DCCReference Include="Administrativo\fPessoa.pas">
            <Form>frmPessoa</Form>
        </DCCReference>
        <DCCReference Include="Frames\fmGrids.pas">
            <Form>frameGrids</Form>
            <DesignClass>TFrame</DesignClass>
        </DCCReference>
        <DCCReference Include="Administrativo\fOrganizacao.pas">
            <Form>frmOrganizacao</Form>
        </DCCReference>
        <DCCReference Include="Administrativo\fProjeto.pas">
            <Form>frmProjeto</Form>
        </DCCReference>
        <DCCReference Include="Financeiro\dmuFinanceiro.pas">
            <Form>dmFinanceiro</Form>
            <DesignClass>TDataModule</DesignClass>
        </DCCReference>
        <DCCReference Include="Financeiro\fBanco.pas">
            <Form>frmBanco</Form>
        </DCCReference>
        <DCCReference Include="Administrativo\fAtividade.pas">
            <Form>frmAtividade</Form>
        </DCCReference>
        <DCCReference Include="Viveiro\fEspecie.pas">
            <Form>frmEspecie</Form>
        </DCCReference>
        <DCCReference Include="Viveiro\dmuViveiro.pas">
            <Form>dmViveiro</Form>
            <DesignClass>TDataModule</DesignClass>
        </DCCReference>
        <DCCReference Include="..\Comuns\uMensagem.pas">
            <Form>Mensagem</Form>
        </DCCReference>
        <DCCReference Include="Financeiro\fFinanciador.pas">
            <Form>frmFinanciador</Form>
        </DCCReference>
        <DCCReference Include="Financeiro\fFornecedor.pas">
            <Form>frmFornecedor</Form>
        </DCCReference>
        <DCCReference Include="Viveiro\fMatriz.pas">
            <Form>frmMatriz</Form>
        </DCCReference>
        <DCCReference Include="Viveiro\fLote_Semente.pas">
            <Form>frmLoteSemente</Form>
        </DCCReference>
        <DCCReference Include="Viveiro\fCanteiro.pas">
            <Form>frmCanteiro</Form>
        </DCCReference>
        <DCCReference Include="Viveiro\fLote_Muda.pas">
            <Form>frmLoteMuda</Form>
        </DCCReference>
        <DCCReference Include="Financeiro\fPlano_Contas.pas">
            <Form>frmPlanoContas</Form>
        </DCCReference>
        <DCCReference Include="Financeiro\fRubrica.pas">
            <Form>frmRubrica</Form>
        </DCCReference>
        <DCCReference Include="Financeiro\fConta_Pagar.pas">
            <Form>frmContaPagar</Form>
        </DCCReference>
        <DCCReference Include="Financeiro\fConta_Receber.pas">
            <Form>frmContaReceber</Form>
        </DCCReference>
        <DCCReference Include="Financeiro\fCliente.pas">
            <Form>frmCliente</Form>
        </DCCReference>
        <DCCReference Include="Estoque\dmuEstoque.pas">
            <Form>dmEstoque</Form>
            <DesignClass>TDataModule</DesignClass>
        </DCCReference>
        <DCCReference Include="Estoque\fItem.pas">
            <Form>frmItem</Form>
        </DCCReference>
        <DCCReference Include="Estoque\fEntrada.pas">
            <Form>frmEntrada</Form>
        </DCCReference>
        <DCCReference Include="Estoque\fCompra.pas">
            <Form>frmCompra</Form>
        </DCCReference>
        <DCCReference Include="Estoque\fSolicitacaoCompra.pas">
            <Form>frmSolicitacaoCompra</Form>
        </DCCReference>
        <DCCReference Include="Relatorios\fRelatorioBasico.pas">
            <Form>frmRelatorioBasico</Form>
        </DCCReference>
        <DCCReference Include="Relatorios\fRelatorioFinanceiro.pas">
            <Form>frmRelatorioFinanceiro</Form>
        </DCCReference>
        <DCCReference Include="Relatorios\dmuRelatorio.pas">
            <Form>dmRelatorio</Form>
            <DesignClass>TDataModule</DesignClass>
        </DCCReference>
        <DCCReference Include="Estoque\fSaida.pas">
            <Form>frmSaida</Form>
        </DCCReference>
        <DCCReference Include="Financeiro\fTransferenciaFinanceira.pas">
            <Form>frmTransferenciaFinanceira</Form>
        </DCCReference>
        <DCCReference Include="Estoque\fVenda.pas">
            <Form>frmVenda</Form>
        </DCCReference>
        <DCCReference Include="Viveiro\fRelatorioViveiro.pas">
            <Form>frmRelatorioViveiro</Form>
        </DCCReference>
        <DCCReference Include="Estoque\fLocalUso.pas">
            <Form>frmLocalUso</Form>
        </DCCReference>
        <DCCReference Include="..\Comuns\aduna_ds_list.pas"/>
        <DCCReference Include="Viveiro\fFamilia_Botanica.pas">
            <Form>frmFamiliaBotanica</Form>
        </DCCReference>
        <DCCReference Include="Sistema\dmuSistema.pas">
            <Form>dmSistema</Form>
            <DesignClass>TDataModule</DesignClass>
        </DCCReference>
        <DCCReference Include="Sistema\fNotificacao.pas">
            <Form>frmNotificacao</Form>
        </DCCReference>
        <DCCReference Include="Viveiro\fCamara_Fria.pas">
            <Form>frmCamaraFria</Form>
        </DCCReference>
        <DCCReference Include="Geral\fReconexao.pas">
            <Form>frmReconexao</Form>
        </DCCReference>
        <DCCReference Include="Sistema\fAgenda.pas">
            <Form>frmAgenda</Form>
        </DCCReference>
        <DCCReference Include="Sistema\fAgendamento.pas">
            <Form>frmAgendamento</Form>
        </DCCReference>
        <DCCReference Include="Sistema\fAgendamento_Cadastro.pas">
            <Form>frmAgendamentoCadastro</Form>
        </DCCReference>
        <DCCReference Include="Estoque\fItemPatrimonio.pas">
            <Form>frmItemPatrimonio</Form>
        </DCCReference>
        <DCCReference Include="Estoque\fPatrimonio.pas">
            <Form>frmPatrimonio</Form>
        </DCCReference>
        <DCCReference Include="Relatorios\fRelatorioPatrimonio.pas">
            <Form>frmRelatorioPatrimonio</Form>
        </DCCReference>
        <DCCReference Include="Financeiro\fDoacao.pas">
            <Form>frmDoacao</Form>
        </DCCReference>
        <DCCReference Include="Administrativo\fAreaAtuacao.pas">
            <Form>frmAreaAtuacao</Form>
        </DCCReference>
        <DCCReference Include="Viveiro\fTipoEspecie.pas">
            <Form>frmTipoEspecie</Form>
        </DCCReference>
        <DCCReference Include="Viveiro\fMix_Muda.pas">
            <Form>frmMixMuda</Form>
        </DCCReference>
        <DCCReference Include="Frames\fmEditor.pas">
            <Form>frameEditor</Form>
            <DesignClass>TFrame</DesignClass>
        </DCCReference>
        <DCCReference Include="Estoque\fModeloOrcamento.pas">
            <Form>frmModeloOrcamento</Form>
        </DCCReference>
        <DCCReference Include="Estoque\fOrcamento.pas">
            <Form>frmOrcamento</Form>
        </DCCReference>
        <DCCReference Include="Sistema\fAparelhosRegistrados.pas">
            <Form>frmAparelhoRegistrado</Form>
        </DCCReference>
        <BuildConfiguration Include="Base">
            <Key>Base</Key>
        </BuildConfiguration>
        <BuildConfiguration Include="Release">
            <Key>Cfg_1</Key>
            <CfgParent>Base</CfgParent>
        </BuildConfiguration>
        <BuildConfiguration Include="Debug">
            <Key>Cfg_2</Key>
            <CfgParent>Base</CfgParent>
        </BuildConfiguration>
    </ItemGroup>
    <ProjectExtensions>
        <Borland.Personality>Delphi.Personality.12</Borland.Personality>
        <Borland.ProjectType/>
        <BorlandProject>
            <Delphi.Personality>
                <Source>
                    <Source Name="MainSource">SongClient.dpr</Source>
                </Source>
                <Excluded_Packages>
                    <Excluded_Packages Name="$(BDSBIN)\dcloffice2k280.bpl">Microsoft Office 2000 Sample Automation Server Wrapper Components</Excluded_Packages>
                    <Excluded_Packages Name="$(BDSBIN)\dclofficexp280.bpl">Microsoft Office XP Sample Automation Server Wrapper Components</Excluded_Packages>
                </Excluded_Packages>
            </Delphi.Personality>
            <Platforms>
                <Platform value="Win32">True</Platform>
                <Platform value="Win64">False</Platform>
            </Platforms>
        </BorlandProject>
        <ProjectFileVersion>12</ProjectFileVersion>
    </ProjectExtensions>
    <Import Project="$(BDS)\Bin\CodeGear.Delphi.Targets" Condition="Exists('$(BDS)\Bin\CodeGear.Delphi.Targets')"/>
    <Import Project="$(APPDATA)\Embarcadero\$(BDSAPPDATABASEDIR)\$(PRODUCTVERSION)\UserTools.proj" Condition="Exists('$(APPDATA)\Embarcadero\$(BDSAPPDATABASEDIR)\$(PRODUCTVERSION)\UserTools.proj')"/>
</Project>
